// !$*UTF8*$!
{
	archiveVersion = 1;
	classes = {
	};
	objectVersion = 50;
	objects = {

/* Begin PBXBuildFile section */
		078A3A442F336DA7008B4674 /* byte_brew_logger.h in Sources */ = {isa = PBXBuildFile; fileRef = 07C98E012F3348BA002D3480 /* byte_brew_logger.h */; };
		078A3A452F336DA7008B4674 /* byte_brew_logger.mm in Sources */ = {isa = PBXBuildFile; fileRef = 07C98E022F3348BA002D3480 /* byte_brew_logger.mm */; };
		078A3A462F336DA7008B4674 /* byte_brew_plugin.h in Sources */ = {isa = PBXBuildFile; fileRef = 07C98E032F3348BA002D3480 /* byte_brew_plugin.h */; };
		078A3A472F336DA7008B4674 /* byte_brew_plugin.mm in Sources */ = {isa = PBXBuildFile; fileRef = 07C98E042F3348BA002D3480 /* byte_brew_plugin.mm */; };
		078A3A482F336DA7008B4674 /* byte_brew_plugin_bootstrap.h in Sources */ = {isa = PBXBuildFile; fileRef = 07C98E052F3348BA002D3480 /* byte_brew_plugin_bootstrap.h */; };
		078A3A492F336DA7008B4674 /* byte_brew_plugin_bootstrap.mm in Sources */ = {isa = PBXBuildFile; fileRef = 07C98E062F3348BA002D3480 /* byte_brew_plugin_bootstrap.mm */; };
		078A3A4A2F336DA7008B4674 /* byte_brew_plugin-Bridging-Header.h in Sources */ = {isa = PBXBuildFile; fileRef = 07C98E072F3348BA002D3480 /* byte_brew_plugin-Bridging-Header.h */; };
		078A3A4B2F336DA7008B4674 /* ByteBrew.swift in Sources */ = {isa = PBXBuildFile; fileRef = 07C98E082F3348BA002D3480 /* ByteBrew.swift */; };
/* End PBXBuildFile section */

/* Begin PBXCopyFilesBuildPhase section */
		90CAAA9224E71FF10013969F /* CopyFiles */ = {
			isa = PBXCopyFilesBuildPhase;
			buildActionMask = 2147483647;
			dstPath = "include/$(PRODUCT_NAME)";
			dstSubfolderSpec = 16;
			files = (
			);
			runOnlyForDeploymentPostprocessing = 0;
		};
/* End PBXCopyFilesBuildPhase section */

/* Begin PBXFileReference section */
		07C98E012F3348BA002D3480 /* byte_brew_logger.h */ = {isa = PBXFileReference; lastKnownFileType = sourcecode.c.h; path = byte_brew_logger.h; sourceTree = "<group>"; };
		07C98E022F3348BA002D3480 /* byte_brew_logger.mm */ = {isa = PBXFileReference; lastKnownFileType = sourcecode.cpp.objcpp; path = byte_brew_logger.mm; sourceTree = "<group>"; };
		07C98E032F3348BA002D3480 /* byte_brew_plugin.h */ = {isa = PBXFileReference; lastKnownFileType = sourcecode.c.h; path = byte_brew_plugin.h; sourceTree = "<group>"; };
		07C98E042F3348BA002D3480 /* byte_brew_plugin.mm */ = {isa = PBXFileReference; lastKnownFileType = sourcecode.cpp.objcpp; path = byte_brew_plugin.mm; sourceTree = "<group>"; };
		07C98E052F3348BA002D3480 /* byte_brew_plugin_bootstrap.h */ = {isa = PBXFileReference; lastKnownFileType = sourcecode.c.h; path = byte_brew_plugin_bootstrap.h; sourceTree = "<group>"; };
		07C98E062F3348BA002D3480 /* byte_brew_plugin_bootstrap.mm */ = {isa = PBXFileReference; lastKnownFileType = sourcecode.cpp.objcpp; path = byte_brew_plugin_bootstrap.mm; sourceTree = "<group>"; };
		07C98E072F3348BA002D3480 /* byte_brew_plugin-Bridging-Header.h */ = {isa = PBXFileReference; lastKnownFileType = sourcecode.c.h; path = "byte_brew_plugin-Bridging-Header.h"; sourceTree = "<group>"; };
		07C98E082F3348BA002D3480 /* ByteBrew.swift */ = {isa = PBXFileReference; lastKnownFileType = sourcecode.swift; path = ByteBrew.swift; sourceTree = "<group>"; };
		90CAAA9424E71FF10013969F /* libbyte_brew_plugin.a */ = {isa = PBXFileReference; explicitFileType = archive.ar; includeInIndex = 0; path = libbyte_brew_plugin.a; sourceTree = BUILT_PRODUCTS_DIR; };
/* End PBXFileReference section */

/* Begin PBXFrameworksBuildPhase section */
		90CAAA9124E71FF10013969F /* Frameworks */ = {
			isa = PBXFrameworksBuildPhase;
			buildActionMask = 2147483647;
			files = (
			);
			runOnlyForDeploymentPostprocessing = 0;
		};
/* End PBXFrameworksBuildPhase section */

/* Begin PBXGroup section */
		07C98E092F3348BA002D3480 /* src */ = {
			isa = PBXGroup;
			children = (
				07C98E012F3348BA002D3480 /* byte_brew_logger.h */,
				07C98E022F3348BA002D3480 /* byte_brew_logger.mm */,
				07C98E032F3348BA002D3480 /* byte_brew_plugin.h */,
				07C98E042F3348BA002D3480 /* byte_brew_plugin.mm */,
				07C98E052F3348BA002D3480 /* byte_brew_plugin_bootstrap.h */,
				07C98E062F3348BA002D3480 /* byte_brew_plugin_bootstrap.mm */,
				07C98E072F3348BA002D3480 /* byte_brew_plugin-Bridging-Header.h */,
				07C98E082F3348BA002D3480 /* ByteBrew.swift */,
			);
			path = src;
			sourceTree = "<group>";
		};
		90CAAA8B24E71FF10013969F = {
			isa = PBXGroup;
			children = (
				07C98E092F3348BA002D3480 /* src */,
				90CAAA9524E71FF10013969F /* Products */,
				90CAAAA824E72A8A0013969F /* Frameworks */,
			);
			sourceTree = "<group>";
		};
		90CAAA9524E71FF10013969F /* Products */ = {
			isa = PBXGroup;
			children = (
				90CAAA9424E71FF10013969F /* libbyte_brew_plugin.a */,
			);
			name = Products;
			sourceTree = "<group>";
		};
		90CAAAA824E72A8A0013969F /* Frameworks */ = {
			isa = PBXGroup;
			children = (
			);
			name = Frameworks;
			sourceTree = "<group>";
		};
/* End PBXGroup section */

/* Begin PBXNativeTarget section */
		90CAAA9324E71FF10013969F /* byte_brew_plugin */ = {
			isa = PBXNativeTarget;
			buildConfigurationList = 90CAAA9D24E71FF10013969F /* Build configuration list for PBXNativeTarget "byte_brew_plugin" */;
			buildPhases = (
				90CAAA9024E71FF10013969F /* Sources */,
				90CAAA9124E71FF10013969F /* Frameworks */,
				90CAAA9224E71FF10013969F /* CopyFiles */,
			);
			buildRules = (
			);
			dependencies = (
			);
			name = byte_brew_plugin;
			productName = byte_brew_plugin;
			productReference = 90CAAA9424E71FF10013969F /* libbyte_brew_plugin.a */;
			productType = "com.apple.product-type.library.static";
		};
/* End PBXNativeTarget section */

/* Begin PBXProject section */
		90CAAA8C24E71FF10013969F /* Project object */ = {
			isa = PBXProject;
			attributes = {
				LastUpgradeCheck = 1160;
				ORGANIZATIONNAME = Godot;
				TargetAttributes = {
					90CAAA9324E71FF10013969F = {
						CreatedOnToolsVersion = 11.6;
						LastSwiftMigration = 1230;
					};
				};
			};
			buildConfigurationList = 90CAAA8F24E71FF10013969F /* Build configuration list for PBXProject "plugin" */;
			compatibilityVersion = "Xcode 9.3";
			developmentRegion = en;
			hasScannedForEncodings = 0;
			knownRegions = (
				en,
				Base,
			);
			mainGroup = 90CAAA8B24E71FF10013969F;
			productRefGroup = 90CAAA9524E71FF10013969F /* Products */;
			projectDirPath = "";
			projectRoot = "";
			targets = (
				90CAAA9324E71FF10013969F /* byte_brew_plugin */,
			);
		};
/* End PBXProject section */

/* Begin PBXSourcesBuildPhase section */
		90CAAA9024E71FF10013969F /* Sources */ = {
			isa = PBXSourcesBuildPhase;
			buildActionMask = 2147483647;
			files = (
				078A3A442F336DA7008B4674 /* byte_brew_logger.h in Sources */,
				078A3A452F336DA7008B4674 /* byte_brew_logger.mm in Sources */,
				078A3A462F336DA7008B4674 /* byte_brew_plugin.h in Sources */,
				078A3A472F336DA7008B4674 /* byte_brew_plugin.mm in Sources */,
				078A3A482F336DA7008B4674 /* byte_brew_plugin_bootstrap.h in Sources */,
				078A3A492F336DA7008B4674 /* byte_brew_plugin_bootstrap.mm in Sources */,
				078A3A4A2F336DA7008B4674 /* byte_brew_plugin-Bridging-Header.h in Sources */,
				078A3A4B2F336DA7008B4674 /* ByteBrew.swift in Sources */,
			);
			runOnlyForDeploymentPostprocessing = 0;
		};
/* End PBXSourcesBuildPhase section */

/* Begin XCBuildConfiguration section */
		90CAAA9B24E71FF10013969F /* Debug */ = {
			isa = XCBuildConfiguration;
			buildSettings = {
				ALWAYS_SEARCH_USER_PATHS = NO;
				CLANG_ANALYZER_NONNULL = YES;
				CLANG_ANALYZER_NUMBER_OBJECT_CONVERSION = YES_AGGRESSIVE;
				CLANG_CXX_LANGUAGE_STANDARD = "gnu++17";
				CLANG_CXX_LIBRARY = "libc++";
				CLANG_ENABLE_MODULES = YES;
				CLANG_ENABLE_OBJC_ARC = YES;
				CLANG_ENABLE_OBJC_WEAK = YES;
				CLANG_WARN_BLOCK_CAPTURE_AUTORELEASING = YES;
				CLANG_WARN_BOOL_CONVERSION = YES;
				CLANG_WARN_COMMA = YES;
				CLANG_WARN_CONSTANT_CONVERSION = YES;
				CLANG_WARN_DEPRECATED_OBJC_IMPLEMENTATIONS = YES;
				CLANG_WARN_DIRECT_OBJC_ISA_USAGE = YES_ERROR;
				CLANG_WARN_DOCUMENTATION_COMMENTS = YES;
				CLANG_WARN_EMPTY_BODY = YES;
				CLANG_WARN_ENUM_CONVERSION = YES;
				CLANG_WARN_INFINITE_RECURSION = YES;
				CLANG_WARN_INT_CONVERSION = YES;
				CLANG_WARN_NON_LITERAL_NULL_CONVERSION = YES;
				CLANG_WARN_OBJC_IMPLICIT_RETAIN_SELF = YES;
				CLANG_WARN_OBJC_LITERAL_CONVERSION = YES;
				CLANG_WARN_OBJC_ROOT_CLASS = YES_ERROR;
				CLANG_WARN_RANGE_LOOP_ANALYSIS = YES;
				CLANG_WARN_STRICT_PROTOTYPES = YES;
				CLANG_WARN_SUSPICIOUS_MOVE = YES;
				CLANG_WARN_UNGUARDED_AVAILABILITY = YES_AGGRESSIVE;
				CLANG_WARN_UNREACHABLE_CODE = YES;
				CLANG_WARN__DUPLICATE_METHOD_MATCH = YES;
				COPY_PHASE_STRIP = NO;
				DEBUG_INFORMATION_FORMAT = dwarf;
				ENABLE_STRICT_OBJC_MSGSEND = YES;
				ENABLE_TESTABILITY = YES;
				GCC_C_LANGUAGE_STANDARD = gnu11;
				GCC_DYNAMIC_NO_PIC = NO;
				GCC_NO_COMMON_BLOCKS = YES;
				GCC_OPTIMIZATION_LEVEL = 0;
				GCC_PREPROCESSOR_DEFINITIONS = (
					"DEBUG=1",
					"$(inherited)",
				);
				GCC_WARN_64_TO_32_BIT_CONVERSION = YES;
				GCC_WARN_ABOUT_RETURN_TYPE = YES_ERROR;
				GCC_WARN_UNDECLARED_SELECTOR = YES;
				GCC_WARN_UNINITIALIZED_AUTOS = YES_AGGRESSIVE;
				GCC_WARN_UNUSED_FUNCTION = YES;
				GCC_WARN_UNUSED_VARIABLE = YES;
				IPHONEOS_DEPLOYMENT_TARGET = 14.3;
				MTL_ENABLE_DEBUG_INFO = INCLUDE_SOURCE;
				MTL_FAST_MATH = YES;
				ONLY_ACTIVE_ARCH = YES;
				SDKROOT = iphoneos;
			};
			name = Debug;
		};
		90CAAA9C24E71FF10013969F /* Release */ = {
			isa = XCBuildConfiguration;
			buildSettings = {
				ALWAYS_SEARCH_USER_PATHS = NO;
				CLANG_ANALYZER_NONNULL = YES;
				CLANG_ANALYZER_NUMBER_OBJECT_CONVERSION = YES_AGGRESSIVE;
				CLANG_CXX_LANGUAGE_STANDARD = "gnu++17";
				CLANG_CXX_LIBRARY = "libc++";
				CLANG_ENABLE_MODULES = YES;
				CLANG_ENABLE_OBJC_ARC = YES;
				CLANG_ENABLE_OBJC_WEAK = YES;
				CLANG_WARN_BLOCK_CAPTURE_AUTORELEASING = YES;
				CLANG_WARN_BOOL_CONVERSION = YES;
				CLANG_WARN_COMMA = YES;
				CLANG_WARN_CONSTANT_CONVERSION = YES;
				CLANG_WARN_DEPRECATED_OBJC_IMPLEMENTATIONS = YES;
				CLANG_WARN_DIRECT_OBJC_ISA_USAGE = YES_ERROR;
				CLANG_WARN_DOCUMENTATION_COMMENTS = YES;
				CLANG_WARN_EMPTY_BODY = YES;
				CLANG_WARN_ENUM_CONVERSION = YES;
				CLANG_WARN_INFINITE_RECURSION = YES;
				CLANG_WARN_INT_CONVERSION = YES;
				CLANG_WARN_NON_LITERAL_NULL_CONVERSION = YES;
				CLANG_WARN_OBJC_IMPLICIT_RETAIN_SELF = YES;
				CLANG_WARN_OBJC_LITERAL_CONVERSION = YES;
				CLANG_WARN_OBJC_ROOT_CLASS = YES_ERROR;
				CLANG_WARN_RANGE_LOOP_ANALYSIS = YES;
				CLANG_WARN_STRICT_PROTOTYPES = YES;
				CLANG_WARN_SUSPICIOUS_MOVE = YES;
				CLANG_WARN_UNGUARDED_AVAILABILITY = YES_AGGRESSIVE;
				CLANG_WARN_UNREACHABLE_CODE = YES;
				CLANG_WARN__DUPLICATE_METHOD_MATCH = YES;
				COPY_PHASE_STRIP = NO;
				DEBUG_INFORMATION_FORMAT = "dwarf-with-dsym";
				ENABLE_NS_ASSERTIONS = NO;
				ENABLE_STRICT_OBJC_MSGSEND = YES;
				GCC_C_LANGUAGE_STANDARD = gnu11;
				GCC_NO_COMMON_BLOCKS = YES;
				GCC_WARN_64_TO_32_BIT_CONVERSION = YES;
				GCC_WARN_ABOUT_RETURN_TYPE = YES_ERROR;
				GCC_WARN_UNDECLARED_SELECTOR = YES;
				GCC_WARN_UNINITIALIZED_AUTOS = YES_AGGRESSIVE;
				GCC_WARN_UNUSED_FUNCTION = YES;
				GCC_WARN_UNUSED_VARIABLE = YES;
				IPHONEOS_DEPLOYMENT_TARGET = 16.0;
				MTL_ENABLE_DEBUG_INFO = NO;
				MTL_FAST_MATH = YES;
				SDKROOT = iphoneos;
				VALIDATE_PRODUCT = YES;
			};
			name = Release;
		};
		90CAAA9E24E71FF10013969F /* Debug */ = {
			isa = XCBuildConfiguration;
			buildSettings = {
				CODE_SIGN_STYLE = Automatic;
				GODOT_DIR = "$(SRCROOT)/godot";
				HEADER_SEARCH_PATHS = "$(inherited)";
				IPHONEOS_DEPLOYMENT_TARGET = 16.0;
				LD_RUNPATH_SEARCH_PATHS = (
					"$(inherited)",
					"@executable_path/Frameworks",
					"@loader_path/Frameworks",
				);
				LIBRARY_SEARCH_PATHS = (
					"$(inherited)",
					"$(GODOT_DIR)/bin",
				);
				ONLY_ACTIVE_ARCH = YES;
				OTHER_CFLAGS = (
					"-g",
					"-DDEBUG",
					"-DDEBUG_ENABLED",
					"-DDEBUG_MEMORY_ALLOC",
					"-DDISABLE_FORCED_INLINE",
					"-DTYPED_METHOD_BIND",
					"-fmodules",
					"-fobjc-arc",
					"-fmessage-length=0",
					"-fno-strict-aliasing",
					"-fdiagnostics-print-source-range-info",
					"-fdiagnostics-show-category=id",
					"-fdiagnostics-parseable-fixits",
					"-fpascal-strings",
					"-fblocks",
					"-fvisibility=hidden",
					"-MMD",
					"-fno-exceptions",
					"-Wno-ambiguous-macro",
					"-Wall",
					"-Werror=return-type",
					"-DPTRCALL_ENABLED",
				);
				OTHER_CPLUSPLUSFLAGS = (
					"-fcxx-modules",
					"-gdwarf-2",
					"-O0",
					"-DDEBUG_MEMORY_ALLOC",
					"-DDISABLE_FORCED_INLINE",
					"-D_DEBUG",
					"-DDEBUG=1",
					"-DDEBUG_ENABLED",
					"-DVERSION_4_0",
					"-DIOS_ENABLED",
					"-DNEED_LONG_INT",
					"-DLIBYUV_DISABLE_NEON",
					"-DIPHONE_ENABLED",
					"-DUNIX_ENABLED",
					"-DCOREAUDIO_ENABLED",
					"-DAPPLE_EMBEDDED_ENABLED",
					"-isystem",
					"$(GODOT_DIR)",
					"-isystem",
					"$(GODOT_DIR)/drivers/apple_embedded",
					"-isystem",
					"$(GODOT_DIR)/platform/ios",
				);
				OTHER_LDFLAGS = "$(inherited)";
				PRODUCT_NAME = "$(TARGET_NAME)";
				SKIP_INSTALL = YES;
				SWIFT_OBJC_BRIDGING_HEADER = "src/byte_brew_plugin-Bridging-Header.h";
				SWIFT_OPTIMIZATION_LEVEL = "-Onone";
				SWIFT_VERSION = 5.9;
				TARGETED_DEVICE_FAMILY = "1,2";
			};
			name = Debug;
		};
		90CAAA9F24E71FF10013969F /* Release */ = {
			isa = XCBuildConfiguration;
			buildSettings = {
				CODE_SIGN_STYLE = Automatic;
				GODOT_DIR = "$(SRCROOT)/godot";
				HEADER_SEARCH_PATHS = "$(inherited)";
				IPHONEOS_DEPLOYMENT_TARGET = 16.0;
				LD_RUNPATH_SEARCH_PATHS = (
					"$(inherited)",
					"@executable_path/Frameworks",
					"@loader_path/Frameworks",
				);
				LIBRARY_SEARCH_PATHS = (
					"$(inherited)",
					"$(GODOT_DIR)/bin",
				);
				ONLY_ACTIVE_ARCH = YES;
				OTHER_CFLAGS = (
					"-fmodules",
					"-fobjc-arc",
					"-fmessage-length=0",
					"-fno-strict-aliasing",
					"-fdiagnostics-print-source-range-info",
					"-fdiagnostics-show-category=id",
					"-fdiagnostics-parseable-fixits",
					"-fpascal-strings",
					"-fblocks",
					"-fvisibility=hidden",
					"-MMD",
					"-fno-exceptions",
					"-Wno-ambiguous-macro",
					"-Wall",
					"-Werror=return-type",
					"-DPTRCALL_ENABLED",
				);
				OTHER_CPLUSPLUSFLAGS = (
					"-fcxx-modules",
					"-O2",
					"-ftree-vectorize",
					"-DNDEBUG",
					"-DNS_BLOCK_ASSERTIONS=1",
					"-DVERSION_4_0",
					"-DIOS_ENABLED",
					"-DNEED_LONG_INT",
					"-DLIBYUV_DISABLE_NEON",
					"-DIPHONE_ENABLED",
					"-DUNIX_ENABLED",
					"-DCOREAUDIO_ENABLED",
					"-DAPPLE_EMBEDDED_ENABLED",
					"-isystem",
					"$(GODOT_DIR)",
					"-isystem",
					"$(GODOT_DIR)/drivers/apple_embedded",
					"-isystem",
					"$(GODOT_DIR)/platform/ios",
				);
				OTHER_LDFLAGS = "$(inherited)";
				PRODUCT_NAME = "$(TARGET_NAME)";
				SKIP_INSTALL = YES;
				SWIFT_OBJC_BRIDGING_HEADER = "src/byte_brew_plugin-Bridging-Header.h";
				SWIFT_VERSION = 5.9;
				TARGETED_DEVICE_FAMILY = "1,2";
			};
			name = Release;
		};
/* End XCBuildConfiguration section */

/* Begin XCConfigurationList section */
		90CAAA8F24E71FF10013969F /* Build configuration list for PBXProject "plugin" */ = {
			isa = XCConfigurationList;
			buildConfigurations = (
				90CAAA9B24E71FF10013969F /* Debug */,
				90CAAA9C24E71FF10013969F /* Release */,
			);
			defaultConfigurationIsVisible = 0;
			defaultConfigurationName = Release;
		};
		90CAAA9D24E71FF10013969F /* Build configuration list for PBXNativeTarget "byte_brew_plugin" */ = {
			isa = XCConfigurationList;
			buildConfigurations = (
				90CAAA9E24E71FF10013969F /* Debug */,
				90CAAA9F24E71FF10013969F /* Release */,
			);
			defaultConfigurationIsVisible = 0;
			defaultConfigurationName = Release;
		};
/* End XCConfigurationList section */
	};
	rootObject = 90CAAA8C24E71FF10013969F /* Project object */;
}
